
Microsoft Visual Studio Solution File, Format Version 12.00
Project("{FAE04EC0-301F-11D3-BF4B-00C04F79EFBC}") = "ArcDemo2024.Hotel", "src\ArcDemo2024.Hotel\ArcDemo2024.Hotel.csproj", "{AFC5FBF8-BD57-46F4-BAB0-2561F073BD62}"
EndProject
Project("{FAE04EC0-301F-11D3-BF4B-00C04F79EFBC}") = "ArcDemo2024.Hotel.HttpService", "src\ArcDemo2024.Hotel.HttpService\ArcDemo2024.Hotel.HttpService.csproj", "{B90F05DC-CB93-4D1D-B745-7D41A0B67FE4}"
EndProject
Project("{2150E333-8FDC-42A3-9474-1A3956D46DE8}") = "Deployments", "Deployments", "{69455BFC-2EA2-430D-8C2F-ABEFA4B15E1C}"
EndProject
Global
	GlobalSection(SolutionConfigurationPlatforms) = preSolution
		Debug|Any CPU = Debug|Any CPU
		Release|Any CPU = Release|Any CPU
	EndGlobalSection
	GlobalSection(ProjectConfigurationPlatforms) = postSolution
		{AFC5FBF8-BD57-46F4-BAB0-2561F073BD62}.Debug|Any CPU.ActiveCfg = Debug|Any CPU
		{AFC5FBF8-BD57-46F4-BAB0-2561F073BD62}.Debug|Any CPU.Build.0 = Debug|Any CPU
		{AFC5FBF8-BD57-46F4-BAB0-2561F073BD62}.Release|Any CPU.ActiveCfg = Release|Any CPU
		{AFC5FBF8-BD57-46F4-BAB0-2561F073BD62}.Release|Any CPU.Build.0 = Release|Any CPU
		{B90F05DC-CB93-4D1D-B745-7D41A0B67FE4}.Debug|Any CPU.ActiveCfg = Debug|Any CPU
		{B90F05DC-CB93-4D1D-B745-7D41A0B67FE4}.Debug|Any CPU.Build.0 = Debug|Any CPU
		{B90F05DC-CB93-4D1D-B745-7D41A0B67FE4}.Release|Any CPU.ActiveCfg = Release|Any CPU
		{B90F05DC-CB93-4D1D-B745-7D41A0B67FE4}.Release|Any CPU.Build.0 = Release|Any CPU
	EndGlobalSection
	GlobalSection(NestedProjects) = preSolution
		{B90F05DC-CB93-4D1D-B745-7D41A0B67FE4} = {69455BFC-2EA2-430D-8C2F-ABEFA4B15E1C}
	EndGlobalSection
EndGlobal
